
Microsoft Visual Studio Solution File, Format Version 12.00
# Visual Studio Version 17
VisualStudioVersion = 17.9.34902.65
MinimumVisualStudioVersion = 10.0.40219.1
Project("{FAE04EC0-301F-11D3-BF4B-00C04F79EFBC}") = "GreenHillsAPI", "GreenHillsAPI\GreenHillsAPI.csproj", "{CEB94927-FD4C-4736-9B7A-D69EC25CC464}"
EndProject
Global
	GlobalSection(SolutionConfigurationPlatforms) = preSolution
		Debug|Any CPU = Debug|Any CPU
		Release|Any CPU = Release|Any CPU
	EndGlobalSection
	GlobalSection(ProjectConfigurationPlatforms) = postSolution
		{CEB94927-FD4C-4736-9B7A-D69EC25CC464}.Debug|Any CPU.ActiveCfg = Debug|Any CPU
		{CEB94927-FD4C-4736-9B7A-D69EC25CC464}.Debug|Any CPU.Build.0 = Debug|Any CPU
		{CEB94927-FD4C-4736-9B7A-D69EC25CC464}.Release|Any CPU.ActiveCfg = Release|Any CPU
		{CEB94927-FD4C-4736-9B7A-D69EC25CC464}.Release|Any CPU.Build.0 = Release|Any CPU
	EndGlobalSection
	GlobalSection(SolutionProperties) = preSolution
		HideSolutionNode = FALSE
	EndGlobalSection
	GlobalSection(ExtensibilityGlobals) = postSolution
		SolutionGuid = {00BA9931-41FB-4243-A41B-41245DB6EAB0}
	EndGlobalSection
EndGlobal
